
Microsoft Visual Studio Solution File, Format Version 12.00
# Visual Studio Version 17
VisualStudioVersion = 17.3.32819.101
MinimumVisualStudioVersion = 10.0.40219.1
Project("{9A19103F-16F7-4668-BE54-9A1E7A4F7556}") = "JesusBustillos.ContactManager.UI", "JesusBustillos.ContactManager.UI\JesusBustillos.ContactManager.UI.csproj", "{1AA4429E-C157-4EB4-A765-75FC2A4039F5}"
EndProject
Project("{FAE04EC0-301F-11D3-BF4B-00C04F79EFBC}") = "Contacts", "Contacts\Contacts.csproj", "{3EE1C7D5-D07A-458E-8371-529395E2F38A}"
EndProject
Global
	GlobalSection(SolutionConfigurationPlatforms) = preSolution
		Debug|Any CPU = Debug|Any CPU
		Release|Any CPU = Release|Any CPU
	EndGlobalSection
	GlobalSection(ProjectConfigurationPlatforms) = postSolution
		{1AA4429E-C157-4EB4-A765-75FC2A4039F5}.Debug|Any CPU.ActiveCfg = Debug|Any CPU
		{1AA4429E-C157-4EB4-A765-75FC2A4039F5}.Debug|Any CPU.Build.0 = Debug|Any CPU
		{1AA4429E-C157-4EB4-A765-75FC2A4039F5}.Release|Any CPU.ActiveCfg = Release|Any CPU
		{1AA4429E-C157-4EB4-A765-75FC2A4039F5}.Release|Any CPU.Build.0 = Release|Any CPU
		{3EE1C7D5-D07A-458E-8371-529395E2F38A}.Debug|Any CPU.ActiveCfg = Debug|Any CPU
		{3EE1C7D5-D07A-458E-8371-529395E2F38A}.Debug|Any CPU.Build.0 = Debug|Any CPU
		{3EE1C7D5-D07A-458E-8371-529395E2F38A}.Release|Any CPU.ActiveCfg = Release|Any CPU
		{3EE1C7D5-D07A-458E-8371-529395E2F38A}.Release|Any CPU.Build.0 = Release|Any CPU
	EndGlobalSection
	GlobalSection(SolutionProperties) = preSolution
		HideSolutionNode = FALSE
	EndGlobalSection
	GlobalSection(ExtensibilityGlobals) = postSolution
		SolutionGuid = {26322D23-D622-49FB-A4A0-0152F51D9B71}
	EndGlobalSection
EndGlobal
