
Microsoft Visual Studio Solution File, Format Version 12.00
# Visual Studio Version 17
VisualStudioVersion = 17.2.32630.192
MinimumVisualStudioVersion = 10.0.40219.1
Project("{FAE04EC0-301F-11D3-BF4B-00C04F79EFBC}") = "JesusBustillos.PcBuilder.ConsolHost", "JesusBustillos.PcBuilder.ConsolHost\JesusBustillos.PcBuilder.ConsolHost.csproj", "{355C183A-E3BF-4646-A45B-20E6A166F46B}"
EndProject
Global
	GlobalSection(SolutionConfigurationPlatforms) = preSolution
		Debug|Any CPU = Debug|Any CPU
		Release|Any CPU = Release|Any CPU
	EndGlobalSection
	GlobalSection(ProjectConfigurationPlatforms) = postSolution
		{355C183A-E3BF-4646-A45B-20E6A166F46B}.Debug|Any CPU.ActiveCfg = Debug|Any CPU
		{355C183A-E3BF-4646-A45B-20E6A166F46B}.Debug|Any CPU.Build.0 = Debug|Any CPU
		{355C183A-E3BF-4646-A45B-20E6A166F46B}.Release|Any CPU.ActiveCfg = Release|Any CPU
		{355C183A-E3BF-4646-A45B-20E6A166F46B}.Release|Any CPU.Build.0 = Release|Any CPU
	EndGlobalSection
	GlobalSection(SolutionProperties) = preSolution
		HideSolutionNode = FALSE
	EndGlobalSection
	GlobalSection(ExtensibilityGlobals) = postSolution
		SolutionGuid = {BE2FFCFC-37B3-4F30-9DB6-4BD384B47F3E}
	EndGlobalSection
EndGlobal
