
Microsoft Visual Studio Solution File, Format Version 12.00
# Visual Studio Version 17
VisualStudioVersion = 17.3.32819.101
MinimumVisualStudioVersion = 10.0.40219.1
Project("{FAE04EC0-301F-11D3-BF4B-00C04F79EFBC}") = "HelloWorld", "HelloWorld\HelloWorld.csproj", "{BE4E47F8-D070-4578-B02A-3F18F8D81250}"
EndProject
Global
	GlobalSection(SolutionConfigurationPlatforms) = preSolution
		Debug|Any CPU = Debug|Any CPU
		Release|Any CPU = Release|Any CPU
	EndGlobalSection
	GlobalSection(ProjectConfigurationPlatforms) = postSolution
		{BE4E47F8-D070-4578-B02A-3F18F8D81250}.Debug|Any CPU.ActiveCfg = Debug|Any CPU
		{BE4E47F8-D070-4578-B02A-3F18F8D81250}.Debug|Any CPU.Build.0 = Debug|Any CPU
		{BE4E47F8-D070-4578-B02A-3F18F8D81250}.Release|Any CPU.ActiveCfg = Release|Any CPU
		{BE4E47F8-D070-4578-B02A-3F18F8D81250}.Release|Any CPU.Build.0 = Release|Any CPU
	EndGlobalSection
	GlobalSection(SolutionProperties) = preSolution
		HideSolutionNode = FALSE
	EndGlobalSection
	GlobalSection(ExtensibilityGlobals) = postSolution
		SolutionGuid = {04BB16FC-41B2-4A28-A6F1-A128AE5DCE50}
	EndGlobalSection
EndGlobal
